
Microsoft Visual Studio Solution File, Format Version 12.00
# Visual Studio Version 16
VisualStudioVersion = 16.0.31205.134
MinimumVisualStudioVersion = 10.0.40219.1
Project("{9A19103F-16F7-4668-BE54-9A1E7A4F7556}") = "PdfGenerationHelper", "PdfGenerationHelper.csproj", "{2B073513-D794-4FB4-A52E-6DB03C182A15}"
EndProject
Global
	GlobalSection(SolutionConfigurationPlatforms) = preSolution
		Debug|Any CPU = Debug|Any CPU
		Release|Any CPU = Release|Any CPU
	EndGlobalSection
	GlobalSection(ProjectConfigurationPlatforms) = postSolution
		{2B073513-D794-4FB4-A52E-6DB03C182A15}.Debug|Any CPU.ActiveCfg = Debug|Any CPU
		{2B073513-D794-4FB4-A52E-6DB03C182A15}.Debug|Any CPU.Build.0 = Debug|Any CPU
		{2B073513-D794-4FB4-A52E-6DB03C182A15}.Release|Any CPU.ActiveCfg = Release|Any CPU
		{2B073513-D794-4FB4-A52E-6DB03C182A15}.Release|Any CPU.Build.0 = Release|Any CPU
	EndGlobalSection
	GlobalSection(SolutionProperties) = preSolution
		HideSolutionNode = FALSE
	EndGlobalSection
	GlobalSection(ExtensibilityGlobals) = postSolution
		SolutionGuid = {7872895B-1868-44CA-B993-351A9B4CED1E}
	EndGlobalSection
EndGlobal
